{
  "name": "iteratorhelpersdemo",
  "lockfileVersion": 3,
  "requires": true,
  "packages": {
    "": {
      "devDependencies": {
        "typescript": "^5.7.0-dev.20240904"
      }
    },
    "node_modules/typescript": {
      "version": "5.7.0-dev.20240904",
      "resolved": "https://registry.npmjs.org/typescript/-/typescript-5.7.0-dev.20240904.tgz",
      "integrity": "sha512-iGi6VWFGOuxPvDfwfK1/8C172NWzC5gtC4G2dxqCQehrr86WTfFkc9aWucynaxZdwQNMqG1Iu83bmXD7CNHCmg==",
      "dev": true,
      "license": "Apache-2.0",
      "bin": {
        "tsc": "bin/tsc",
        "tsserver": "bin/tsserver"
      },
      "engines": {
        "node": ">=14.17"
      }
    }
  }
}
